Microsoft Visual Studio Solution File, Format Version 12.00
# Visual Studio Version 17
VisualStudioVersion = 17.5.2.0
MinimumVisualStudioVersion = 10.0.40219.1
Project("{FAE04EC0-301F-11D3-BF4B-00C04F79EFBC}") = "PasswordChecker", "PasswordChecker.csproj", "{07E8F1AE-35E8-000C-67E5-5401183C53B3}"
EndProject
Global
	GlobalSection(SolutionConfigurationPlatforms) = preSolution
		Debug|Any CPU = Debug|Any CPU
		Release|Any CPU = Release|Any CPU
	EndGlobalSection
	GlobalSection(ProjectConfigurationPlatforms) = postSolution
		{07E8F1AE-35E8-000C-67E5-5401183C53B3}.Debug|Any CPU.ActiveCfg = Debug|Any CPU
		{07E8F1AE-35E8-000C-67E5-5401183C53B3}.Debug|Any CPU.Build.0 = Debug|Any CPU
		{07E8F1AE-35E8-000C-67E5-5401183C53B3}.Release|Any CPU.ActiveCfg = Release|Any CPU
		{07E8F1AE-35E8-000C-67E5-5401183C53B3}.Release|Any CPU.Build.0 = Release|Any CPU
	EndGlobalSection
	GlobalSection(SolutionProperties) = preSolution
		HideSolutionNode = FALSE
	EndGlobalSection
	GlobalSection(ExtensibilityGlobals) = postSolution
		SolutionGuid = {C8B238CD-973E-4E39-B821-D341291F5B4E}
	EndGlobalSection
EndGlobal
